
Microsoft Visual Studio Solution File, Format Version 12.00
# Visual Studio Version 17
VisualStudioVersion = 17.5.33530.505
MinimumVisualStudioVersion = 10.0.40219.1
Project("{FAE04EC0-301F-11D3-BF4B-00C04F79EFBC}") = "DarkwoodVH", "DarkwoodVH\DarkwoodVH.csproj", "{2B5EB0C5-237F-43EF-A0A5-EE59969FB383}"
EndProject
Global
	GlobalSection(SolutionConfigurationPlatforms) = preSolution
		Debug|Any CPU = Debug|Any CPU
		Release|Any CPU = Release|Any CPU
	EndGlobalSection
	GlobalSection(ProjectConfigurationPlatforms) = postSolution
		{2B5EB0C5-237F-43EF-A0A5-EE59969FB383}.Debug|Any CPU.ActiveCfg = Release|Any CPU
		{2B5EB0C5-237F-43EF-A0A5-EE59969FB383}.Debug|Any CPU.Build.0 = Release|Any CPU
		{2B5EB0C5-237F-43EF-A0A5-EE59969FB383}.Release|Any CPU.ActiveCfg = Release|Any CPU
		{2B5EB0C5-237F-43EF-A0A5-EE59969FB383}.Release|Any CPU.Build.0 = Release|Any CPU
	EndGlobalSection
	GlobalSection(SolutionProperties) = preSolution
		HideSolutionNode = FALSE
	EndGlobalSection
	GlobalSection(ExtensibilityGlobals) = postSolution
		SolutionGuid = {2931EAA3-F20E-4DC3-9A3F-F99DBD3EF1C0}
	EndGlobalSection
EndGlobal
